// !$*UTF8*$!
{
	archiveVersion = 1;
	classes = {
	};
	objectVersion = 50;
	objects = {

/* Begin PBXBuildFile section */
		433B5B1B214EDC48001C91A5 /* LoginError.swift in Sources */ = {isa = PBXBuildFile; fileRef = 433B5B1A214EDC48001C91A5 /* LoginError.swift */; };
		433B5B1D214EE45D001C91A5 /* GoogleService-Info.plist in Resources */ = {isa = PBXBuildFile; fileRef = 433B5B1C214EE45D001C91A5 /* GoogleService-Info.plist */; };
		435ED4702159860900222ABA /* LoginButton.swift in Sources */ = {isa = PBXBuildFile; fileRef = 435ED46F2159860900222ABA /* LoginButton.swift */; };
		43C43869214EBB7500504B05 /* AppDelegate.swift in Sources */ = {isa = PBXBuildFile; fileRef = 43C43868214EBB7500504B05 /* AppDelegate.swift */; };
		43C4386B214EBB7500504B05 /* AthenticationViewController.swift in Sources */ = {isa = PBXBuildFile; fileRef = 43C4386A214EBB7500504B05 /* AthenticationViewController.swift */; };
		43C4386E214EBB7500504B05 /* Main.storyboard in Resources */ = {isa = PBXBuildFile; fileRef = 43C4386C214EBB7500504B05 /* Main.storyboard */; };
		43C43870214EBB7700504B05 /* Assets.xcassets in Resources */ = {isa = PBXBuildFile; fileRef = 43C4386F214EBB7700504B05 /* Assets.xcassets */; };
		43C43873214EBB7700504B05 /* LaunchScreen.storyboard in Resources */ = {isa = PBXBuildFile; fileRef = 43C43871214EBB7700504B05 /* LaunchScreen.storyboard */; };
		43C4387E214EBB7700504B05 /* testCloudFirestoreTests.swift in Sources */ = {isa = PBXBuildFile; fileRef = 43C4387D214EBB7700504B05 /* testCloudFirestoreTests.swift */; };
		43C43889214EBB7700504B05 /* testCloudFirestoreUITests.swift in Sources */ = {isa = PBXBuildFile; fileRef = 43C43888214EBB7700504B05 /* testCloudFirestoreUITests.swift */; };
		43C4389C214EC70200504B05 /* LoginProtocols.swift in Sources */ = {isa = PBXBuildFile; fileRef = 43C4389B214EC70200504B05 /* LoginProtocols.swift */; };
		43C4389E214EC71400504B05 /* NewUserProtocols.swift in Sources */ = {isa = PBXBuildFile; fileRef = 43C4389D214EC71400504B05 /* NewUserProtocols.swift */; };
		43C438A1214EC8F700504B05 /* FirebaseConfig.swift in Sources */ = {isa = PBXBuildFile; fileRef = 43C438A0214EC8F700504B05 /* FirebaseConfig.swift */; };
		43C438A4214ECB9900504B05 /* User.swift in Sources */ = {isa = PBXBuildFile; fileRef = 43C438A3214ECB9900504B05 /* User.swift */; };
		43C438A8214ED2C700504B05 /* FireBaseAPIManager.swift in Sources */ = {isa = PBXBuildFile; fileRef = 43C438A7214ED2C700504B05 /* FireBaseAPIManager.swift */; };
		4D289141E7B9BF8839125492 /* Pods_testCloudFirestore.framework in Frameworks */ = {isa = PBXBuildFile; fileRef = 3711867E48D96B2C4A087CFC /* Pods_testCloudFirestore.framework */; };
		4F5FF87DBB138F7541F12D75 /* Pods_iOS_CloudFirestoreTests.framework in Frameworks */ = {isa = PBXBuildFile; fileRef = 067476245127BD7B90493719 /* Pods_iOS_CloudFirestoreTests.framework */; };
		9CECD223CC7469AE514AF86D /* Pods_testCloudFirestoreUITests.framework in Frameworks */ = {isa = PBXBuildFile; fileRef = C598034F9BEE24D57A952629 /* Pods_testCloudFirestoreUITests.framework */; };
		A71FAF9AECC8BE5937933C8A /* Pods_iOS_CloudFirestoreUITests.framework in Frameworks */ = {isa = PBXBuildFile; fileRef = 4DBD838CC4F82CDE4244142A /* Pods_iOS_CloudFirestoreUITests.framework */; };
		B3372CB376FE862C31F2FA56 /* Pods_testCloudFirestoreTests.framework in Frameworks */ = {isa = PBXBuildFile; fileRef = 7BB47B8E9CBC83F140414DED /* Pods_testCloudFirestoreTests.framework */; };
		D2FE04AA757BA2ECE44D0D7C /* Pods_iOS_CloudFirestore.framework in Frameworks */ = {isa = PBXBuildFile; fileRef = 7E7E0899A131691E0C80496E /* Pods_iOS_CloudFirestore.framework */; };
/* End PBXBuildFile section */

/* Begin PBXContainerItemProxy section */
		43C4387A214EBB7700504B05 /* PBXContainerItemProxy */ = {
			isa = PBXContainerItemProxy;
			containerPortal = 43C4385D214EBB7500504B05 /* Project object */;
			proxyType = 1;
			remoteGlobalIDString = 43C43864214EBB7500504B05;
			remoteInfo = testCloudFirestore;
		};
		43C43885214EBB7700504B05 /* PBXContainerItemProxy */ = {
			isa = PBXContainerItemProxy;
			containerPortal = 43C4385D214EBB7500504B05 /* Project object */;
			proxyType = 1;
			remoteGlobalIDString = 43C43864214EBB7500504B05;
			remoteInfo = testCloudFirestore;
		};
/* End PBXContainerItemProxy section */

/* Begin PBXFileReference section */
		044E50871C415E94613BA398 /* Pods-testCloudFirestoreTests.debug.xcconfig */ = {isa = PBXFileReference; includeInIndex = 1; lastKnownFileType = text.xcconfig; name = "Pods-testCloudFirestoreTests.debug.xcconfig"; path = "Pods/Target Support Files/Pods-testCloudFirestoreTests/Pods-testCloudFirestoreTests.debug.xcconfig"; sourceTree = "<group>"; };
		067476245127BD7B90493719 /* Pods_iOS_CloudFirestoreTests.framework */ = {isa = PBXFileReference; explicitFileType = wrapper.framework; includeInIndex = 0; path = Pods_iOS_CloudFirestoreTests.framework; sourceTree = BUILT_PRODUCTS_DIR; };
		1C8E820CD54669C105EB05C6 /* Pods-iOS_CloudFirestoreUITests.debug.xcconfig */ = {isa = PBXFileReference; includeInIndex = 1; lastKnownFileType = text.xcconfig; name = "Pods-iOS_CloudFirestoreUITests.debug.xcconfig"; path = "Pods/Target Support Files/Pods-iOS_CloudFirestoreUITests/Pods-iOS_CloudFirestoreUITests.debug.xcconfig"; sourceTree = "<group>"; };
		3711867E48D96B2C4A087CFC /* Pods_testCloudFirestore.framework */ = {isa = PBXFileReference; explicitFileType = wrapper.framework; includeInIndex = 0; path = Pods_testCloudFirestore.framework; sourceTree = BUILT_PRODUCTS_DIR; };
		433B5B1A214EDC48001C91A5 /* LoginError.swift */ = {isa = PBXFileReference; lastKnownFileType = sourcecode.swift; path = LoginError.swift; sourceTree = "<group>"; };
		433B5B1C214EE45D001C91A5 /* GoogleService-Info.plist */ = {isa = PBXFileReference; fileEncoding = 4; lastKnownFileType = text.plist.xml; path = "GoogleService-Info.plist"; sourceTree = "<group>"; };
		435ED46F2159860900222ABA /* LoginButton.swift */ = {isa = PBXFileReference; lastKnownFileType = sourcecode.swift; path = LoginButton.swift; sourceTree = "<group>"; };
		43C43865214EBB7500504B05 /* iOS_CloudFirestore.app */ = {isa = PBXFileReference; explicitFileType = wrapper.application; includeInIndex = 0; path = iOS_CloudFirestore.app; sourceTree = BUILT_PRODUCTS_DIR; };
		43C43868214EBB7500504B05 /* AppDelegate.swift */ = {isa = PBXFileReference; lastKnownFileType = sourcecode.swift; path = AppDelegate.swift; sourceTree = "<group>"; };
		43C4386A214EBB7500504B05 /* AthenticationViewController.swift */ = {isa = PBXFileReference; lastKnownFileType = sourcecode.swift; path = AthenticationViewController.swift; sourceTree = "<group>"; };
		43C4386D214EBB7500504B05 /* Base */ = {isa = PBXFileReference; lastKnownFileType = file.storyboard; name = Base; path = Base.lproj/Main.storyboard; sourceTree = "<group>"; };
		43C4386F214EBB7700504B05 /* Assets.xcassets */ = {isa = PBXFileReference; lastKnownFileType = folder.assetcatalog; path = Assets.xcassets; sourceTree = "<group>"; };
		43C43872214EBB7700504B05 /* Base */ = {isa = PBXFileReference; lastKnownFileType = file.storyboard; name = Base; path = Base.lproj/LaunchScreen.storyboard; sourceTree = "<group>"; };
		43C43874214EBB7700504B05 /* Info.plist */ = {isa = PBXFileReference; lastKnownFileType = text.plist.xml; path = Info.plist; sourceTree = "<group>"; };
		43C43879214EBB7700504B05 /* iOS_CloudFirestoreTests.xctest */ = {isa = PBXFileReference; explicitFileType = wrapper.cfbundle; includeInIndex = 0; path = iOS_CloudFirestoreTests.xctest; sourceTree = BUILT_PRODUCTS_DIR; };
		43C4387D214EBB7700504B05 /* testCloudFirestoreTests.swift */ = {isa = PBXFileReference; lastKnownFileType = sourcecode.swift; path = testCloudFirestoreTests.swift; sourceTree = "<group>"; };
		43C4387F214EBB7700504B05 /* Info.plist */ = {isa = PBXFileReference; lastKnownFileType = text.plist.xml; path = Info.plist; sourceTree = "<group>"; };
		43C43884214EBB7700504B05 /* iOS_CloudFirestoreUITests.xctest */ = {isa = PBXFileReference; explicitFileType = wrapper.cfbundle; includeInIndex = 0; path = iOS_CloudFirestoreUITests.xctest; sourceTree = BUILT_PRODUCTS_DIR; };
		43C43888214EBB7700504B05 /* testCloudFirestoreUITests.swift */ = {isa = PBXFileReference; lastKnownFileType = sourcecode.swift; path = testCloudFirestoreUITests.swift; sourceTree = "<group>"; };
		43C4388A214EBB7700504B05 /* Info.plist */ = {isa = PBXFileReference; lastKnownFileType = text.plist.xml; path = Info.plist; sourceTree = "<group>"; };
		43C4389B214EC70200504B05 /* LoginProtocols.swift */ = {isa = PBXFileReference; lastKnownFileType = sourcecode.swift; path = LoginProtocols.swift; sourceTree = "<group>"; };
		43C4389D214EC71400504B05 /* NewUserProtocols.swift */ = {isa = PBXFileReference; lastKnownFileType = sourcecode.swift; path = NewUserProtocols.swift; sourceTree = "<group>"; };
		43C438A0214EC8F700504B05 /* FirebaseConfig.swift */ = {isa = PBXFileReference; lastKnownFileType = sourcecode.swift; path = FirebaseConfig.swift; sourceTree = "<group>"; };
		43C438A3214ECB9900504B05 /* User.swift */ = {isa = PBXFileReference; lastKnownFileType = sourcecode.swift; path = User.swift; sourceTree = "<group>"; };
		43C438A7214ED2C700504B05 /* FireBaseAPIManager.swift */ = {isa = PBXFileReference; lastKnownFileType = sourcecode.swift; path = FireBaseAPIManager.swift; sourceTree = "<group>"; };
		4DBD838CC4F82CDE4244142A /* Pods_iOS_CloudFirestoreUITests.framework */ = {isa = PBXFileReference; explicitFileType = wrapper.framework; includeInIndex = 0; path = Pods_iOS_CloudFirestoreUITests.framework; sourceTree = BUILT_PRODUCTS_DIR; };
		630036768135770F5C91FB3D /* Pods-iOS_CloudFirestore.debug.xcconfig */ = {isa = PBXFileReference; includeInIndex = 1; lastKnownFileType = text.xcconfig; name = "Pods-iOS_CloudFirestore.debug.xcconfig"; path = "Pods/Target Support Files/Pods-iOS_CloudFirestore/Pods-iOS_CloudFirestore.debug.xcconfig"; sourceTree = "<group>"; };
		6AAD77CECBB3D00A759B1375 /* Pods-testCloudFirestore.debug.xcconfig */ = {isa = PBXFileReference; includeInIndex = 1; lastKnownFileType = text.xcconfig; name = "Pods-testCloudFirestore.debug.xcconfig"; path = "Pods/Target Support Files/Pods-testCloudFirestore/Pods-testCloudFirestore.debug.xcconfig"; sourceTree = "<group>"; };
		752C0110877F64A0784DE336 /* Pods-iOS_CloudFirestoreTests.release.xcconfig */ = {isa = PBXFileReference; includeInIndex = 1; lastKnownFileType = text.xcconfig; name = "Pods-iOS_CloudFirestoreTests.release.xcconfig"; path = "Pods/Target Support Files/Pods-iOS_CloudFirestoreTests/Pods-iOS_CloudFirestoreTests.release.xcconfig"; sourceTree = "<group>"; };
		7BB47B8E9CBC83F140414DED /* Pods_testCloudFirestoreTests.framework */ = {isa = PBXFileReference; explicitFileType = wrapper.framework; includeInIndex = 0; path = Pods_testCloudFirestoreTests.framework; sourceTree = BUILT_PRODUCTS_DIR; };
		7E7E0899A131691E0C80496E /* Pods_iOS_CloudFirestore.framework */ = {isa = PBXFileReference; explicitFileType = wrapper.framework; includeInIndex = 0; path = Pods_iOS_CloudFirestore.framework; sourceTree = BUILT_PRODUCTS_DIR; };
		9B1BBFB4DFA18A877CBA04DA /* Pods-testCloudFirestoreTests.release.xcconfig */ = {isa = PBXFileReference; includeInIndex = 1; lastKnownFileType = text.xcconfig; name = "Pods-testCloudFirestoreTests.release.xcconfig"; path = "Pods/Target Support Files/Pods-testCloudFirestoreTests/Pods-testCloudFirestoreTests.release.xcconfig"; sourceTree = "<group>"; };
		AD103458384A5618AE91DD33 /* Pods-iOS_CloudFirestoreTests.debug.xcconfig */ = {isa = PBXFileReference; includeInIndex = 1; lastKnownFileType = text.xcconfig; name = "Pods-iOS_CloudFirestoreTests.debug.xcconfig"; path = "Pods/Target Support Files/Pods-iOS_CloudFirestoreTests/Pods-iOS_CloudFirestoreTests.debug.xcconfig"; sourceTree = "<group>"; };
		B7BDFF2B8DE4DD72765B176D /* Pods-iOS_CloudFirestore.release.xcconfig */ = {isa = PBXFileReference; includeInIndex = 1; lastKnownFileType = text.xcconfig; name = "Pods-iOS_CloudFirestore.release.xcconfig"; path = "Pods/Target Support Files/Pods-iOS_CloudFirestore/Pods-iOS_CloudFirestore.release.xcconfig"; sourceTree = "<group>"; };
		BC4736ECF7FF9FEF395C37FB /* Pods-testCloudFirestore.release.xcconfig */ = {isa = PBXFileReference; includeInIndex = 1; lastKnownFileType = text.xcconfig; name = "Pods-testCloudFirestore.release.xcconfig"; path = "Pods/Target Support Files/Pods-testCloudFirestore/Pods-testCloudFirestore.release.xcconfig"; sourceTree = "<group>"; };
		C598034F9BEE24D57A952629 /* Pods_testCloudFirestoreUITests.framework */ = {isa = PBXFileReference; explicitFileType = wrapper.framework; includeInIndex = 0; path = Pods_testCloudFirestoreUITests.framework; sourceTree = BUILT_PRODUCTS_DIR; };
		CA83E9D6AD7CB3D8F4803252 /* Pods-iOS_CloudFirestoreUITests.release.xcconfig */ = {isa = PBXFileReference; includeInIndex = 1; lastKnownFileType = text.xcconfig; name = "Pods-iOS_CloudFirestoreUITests.release.xcconfig"; path = "Pods/Target Support Files/Pods-iOS_CloudFirestoreUITests/Pods-iOS_CloudFirestoreUITests.release.xcconfig"; sourceTree = "<group>"; };
		E4F1C1A35485D5541A941A35 /* Pods-testCloudFirestoreUITests.debug.xcconfig */ = {isa = PBXFileReference; includeInIndex = 1; lastKnownFileType = text.xcconfig; name = "Pods-testCloudFirestoreUITests.debug.xcconfig"; path = "Pods/Target Support Files/Pods-testCloudFirestoreUITests/Pods-testCloudFirestoreUITests.debug.xcconfig"; sourceTree = "<group>"; };
		F955E4192B769C342EFE2182 /* Pods-testCloudFirestoreUITests.release.xcconfig */ = {isa = PBXFileReference; includeInIndex = 1; lastKnownFileType = text.xcconfig; name = "Pods-testCloudFirestoreUITests.release.xcconfig"; path = "Pods/Target Support Files/Pods-testCloudFirestoreUITests/Pods-testCloudFirestoreUITests.release.xcconfig"; sourceTree = "<group>"; };
/* End PBXFileReference section */

/* Begin PBXFrameworksBuildPhase section */
		43C43862214EBB7500504B05 /* Frameworks */ = {
			isa = PBXFrameworksBuildPhase;
			buildActionMask = 2147483647;
			files = (
				4D289141E7B9BF8839125492 /* Pods_testCloudFirestore.framework in Frameworks */,
				D2FE04AA757BA2ECE44D0D7C /* Pods_iOS_CloudFirestore.framework in Frameworks */,
			);
			runOnlyForDeploymentPostprocessing = 0;
		};
		43C43876214EBB7700504B05 /* Frameworks */ = {
			isa = PBXFrameworksBuildPhase;
			buildActionMask = 2147483647;
			files = (
				B3372CB376FE862C31F2FA56 /* Pods_testCloudFirestoreTests.framework in Frameworks */,
				4F5FF87DBB138F7541F12D75 /* Pods_iOS_CloudFirestoreTests.framework in Frameworks */,
			);
			runOnlyForDeploymentPostprocessing = 0;
		};
		43C43881214EBB7700504B05 /* Frameworks */ = {
			isa = PBXFrameworksBuildPhase;
			buildActionMask = 2147483647;
			files = (
				9CECD223CC7469AE514AF86D /* Pods_testCloudFirestoreUITests.framework in Frameworks */,
				A71FAF9AECC8BE5937933C8A /* Pods_iOS_CloudFirestoreUITests.framework in Frameworks */,
			);
			runOnlyForDeploymentPostprocessing = 0;
		};
/* End PBXFrameworksBuildPhase section */

/* Begin PBXGroup section */
		435ED46C215985BA00222ABA /* Sections */ = {
			isa = PBXGroup;
			children = (
				435ED46D215985C100222ABA /* Authentication */,
			);
			path = Sections;
			sourceTree = "<group>";
		};
		435ED46D215985C100222ABA /* Authentication */ = {
			isa = PBXGroup;
			children = (
				435ED46E215985F600222ABA /* Buttons */,
				43C4386A214EBB7500504B05 /* AthenticationViewController.swift */,
			);
			path = Authentication;
			sourceTree = "<group>";
		};
		435ED46E215985F600222ABA /* Buttons */ = {
			isa = PBXGroup;
			children = (
				435ED46F2159860900222ABA /* LoginButton.swift */,
			);
			path = Buttons;
			sourceTree = "<group>";
		};
		43C4385C214EBB7500504B05 = {
			isa = PBXGroup;
			children = (
				43C43867214EBB7500504B05 /* iOS_CloudFirestore */,
				43C4387C214EBB7700504B05 /* iOS_CloudFirestoreTests */,
				43C43887214EBB7700504B05 /* iOS_CloudFirestoreUITests */,
				43C43866214EBB7500504B05 /* Products */,
				6086EAFF968DC304FA2F5C95 /* Pods */,
				AF93DD2A95298E583E74184E /* Frameworks */,
			);
			sourceTree = "<group>";
		};
		43C43866214EBB7500504B05 /* Products */ = {
			isa = PBXGroup;
			children = (
				43C43865214EBB7500504B05 /* iOS_CloudFirestore.app */,
				43C43879214EBB7700504B05 /* iOS_CloudFirestoreTests.xctest */,
				43C43884214EBB7700504B05 /* iOS_CloudFirestoreUITests.xctest */,
			);
			name = Products;
			sourceTree = "<group>";
		};
		43C43867214EBB7500504B05 /* iOS_CloudFirestore */ = {
			isa = PBXGroup;
			children = (
				435ED46C215985BA00222ABA /* Sections */,
				433B5B1C214EE45D001C91A5 /* GoogleService-Info.plist */,
				43C43897214EC67C00504B05 /* Infrastructure */,
				43C43868214EBB7500504B05 /* AppDelegate.swift */,
				43C4386C214EBB7500504B05 /* Main.storyboard */,
				43C4386F214EBB7700504B05 /* Assets.xcassets */,
				43C43871214EBB7700504B05 /* LaunchScreen.storyboard */,
				43C43874214EBB7700504B05 /* Info.plist */,
			);
			path = iOS_CloudFirestore;
			sourceTree = "<group>";
		};
		43C4387C214EBB7700504B05 /* iOS_CloudFirestoreTests */ = {
			isa = PBXGroup;
			children = (
				43C4387D214EBB7700504B05 /* testCloudFirestoreTests.swift */,
				43C4387F214EBB7700504B05 /* Info.plist */,
			);
			path = iOS_CloudFirestoreTests;
			sourceTree = "<group>";
		};
		43C43887214EBB7700504B05 /* iOS_CloudFirestoreUITests */ = {
			isa = PBXGroup;
			children = (
				43C43888214EBB7700504B05 /* testCloudFirestoreUITests.swift */,
				43C4388A214EBB7700504B05 /* Info.plist */,
			);
			path = iOS_CloudFirestoreUITests;
			sourceTree = "<group>";
		};
		43C43897214EC67C00504B05 /* Infrastructure */ = {
			isa = PBXGroup;
			children = (
				43C438A2214ECB7000504B05 /* DataClass */,
				43C4389F214EC8B400504B05 /* Firebase */,
				43C43898214EC6A100504B05 /* Network */,
			);
			path = Infrastructure;
			sourceTree = "<group>";
		};
		43C43898214EC6A100504B05 /* Network */ = {
			isa = PBXGroup;
			children = (
				43C4389A214EC6BF00504B05 /* NewUser */,
				43C43899214EC6B100504B05 /* Login */,
			);
			path = Network;
			sourceTree = "<group>";
		};
		43C43899214EC6B100504B05 /* Login */ = {
			isa = PBXGroup;
			children = (
				43C4389B214EC70200504B05 /* LoginProtocols.swift */,
				433B5B1A214EDC48001C91A5 /* LoginError.swift */,
			);
			path = Login;
			sourceTree = "<group>";
		};
		43C4389A214EC6BF00504B05 /* NewUser */ = {
			isa = PBXGroup;
			children = (
				43C4389D214EC71400504B05 /* NewUserProtocols.swift */,
			);
			path = NewUser;
			sourceTree = "<group>";
		};
		43C4389F214EC8B400504B05 /* Firebase */ = {
			isa = PBXGroup;
			children = (
				43C438A6214ED29A00504B05 /* Network */,
				43C438A5214ED26500504B05 /* Config */,
			);
			path = Firebase;
			sourceTree = "<group>";
		};
		43C438A2214ECB7000504B05 /* DataClass */ = {
			isa = PBXGroup;
			children = (
				43C438A3214ECB9900504B05 /* User.swift */,
			);
			path = DataClass;
			sourceTree = "<group>";
		};
		43C438A5214ED26500504B05 /* Config */ = {
			isa = PBXGroup;
			children = (
				43C438A0214EC8F700504B05 /* FirebaseConfig.swift */,
			);
			path = Config;
			sourceTree = "<group>";
		};
		43C438A6214ED29A00504B05 /* Network */ = {
			isa = PBXGroup;
			children = (
				43C438A7214ED2C700504B05 /* FireBaseAPIManager.swift */,
			);
			path = Network;
			sourceTree = "<group>";
		};
		6086EAFF968DC304FA2F5C95 /* Pods */ = {
			isa = PBXGroup;
			children = (
				6AAD77CECBB3D00A759B1375 /* Pods-testCloudFirestore.debug.xcconfig */,
				BC4736ECF7FF9FEF395C37FB /* Pods-testCloudFirestore.release.xcconfig */,
				044E50871C415E94613BA398 /* Pods-testCloudFirestoreTests.debug.xcconfig */,
				9B1BBFB4DFA18A877CBA04DA /* Pods-testCloudFirestoreTests.release.xcconfig */,
				E4F1C1A35485D5541A941A35 /* Pods-testCloudFirestoreUITests.debug.xcconfig */,
				F955E4192B769C342EFE2182 /* Pods-testCloudFirestoreUITests.release.xcconfig */,
				630036768135770F5C91FB3D /* Pods-iOS_CloudFirestore.debug.xcconfig */,
				B7BDFF2B8DE4DD72765B176D /* Pods-iOS_CloudFirestore.release.xcconfig */,
				AD103458384A5618AE91DD33 /* Pods-iOS_CloudFirestoreTests.debug.xcconfig */,
				752C0110877F64A0784DE336 /* Pods-iOS_CloudFirestoreTests.release.xcconfig */,
				1C8E820CD54669C105EB05C6 /* Pods-iOS_CloudFirestoreUITests.debug.xcconfig */,
				CA83E9D6AD7CB3D8F4803252 /* Pods-iOS_CloudFirestoreUITests.release.xcconfig */,
			);
			name = Pods;
			sourceTree = "<group>";
		};
		AF93DD2A95298E583E74184E /* Frameworks */ = {
			isa = PBXGroup;
			children = (
				3711867E48D96B2C4A087CFC /* Pods_testCloudFirestore.framework */,
				7BB47B8E9CBC83F140414DED /* Pods_testCloudFirestoreTests.framework */,
				C598034F9BEE24D57A952629 /* Pods_testCloudFirestoreUITests.framework */,
				7E7E0899A131691E0C80496E /* Pods_iOS_CloudFirestore.framework */,
				067476245127BD7B90493719 /* Pods_iOS_CloudFirestoreTests.framework */,
				4DBD838CC4F82CDE4244142A /* Pods_iOS_CloudFirestoreUITests.framework */,
			);
			name = Frameworks;
			sourceTree = "<group>";
		};
/* End PBXGroup section */

/* Begin PBXNativeTarget section */
		43C43864214EBB7500504B05 /* iOS_CloudFirestore */ = {
			isa = PBXNativeTarget;
			buildConfigurationList = 43C4388D214EBB7700504B05 /* Build configuration list for PBXNativeTarget "iOS_CloudFirestore" */;
			buildPhases = (
				0A64CE4500F582F59ACA44C3 /* [CP] Check Pods Manifest.lock */,
				43C43861214EBB7500504B05 /* Sources */,
				43C43862214EBB7500504B05 /* Frameworks */,
				43C43863214EBB7500504B05 /* Resources */,
				8DF9AC55423518AF7B3CAFB2 /* [CP] Embed Pods Frameworks */,
			);
			buildRules = (
			);
			dependencies = (
			);
			name = iOS_CloudFirestore;
			productName = testCloudFirestore;
			productReference = 43C43865214EBB7500504B05 /* iOS_CloudFirestore.app */;
			productType = "com.apple.product-type.application";
		};
		43C43878214EBB7700504B05 /* iOS_CloudFirestoreTests */ = {
			isa = PBXNativeTarget;
			buildConfigurationList = 43C43890214EBB7700504B05 /* Build configuration list for PBXNativeTarget "iOS_CloudFirestoreTests" */;
			buildPhases = (
				BF398CC59E07C802D7B3028F /* [CP] Check Pods Manifest.lock */,
				43C43875214EBB7700504B05 /* Sources */,
				43C43876214EBB7700504B05 /* Frameworks */,
				43C43877214EBB7700504B05 /* Resources */,
			);
			buildRules = (
			);
			dependencies = (
				43C4387B214EBB7700504B05 /* PBXTargetDependency */,
			);
			name = iOS_CloudFirestoreTests;
			productName = testCloudFirestoreTests;
			productReference = 43C43879214EBB7700504B05 /* iOS_CloudFirestoreTests.xctest */;
			productType = "com.apple.product-type.bundle.unit-test";
		};
		43C43883214EBB7700504B05 /* iOS_CloudFirestoreUITests */ = {
			isa = PBXNativeTarget;
			buildConfigurationList = 43C43893214EBB7700504B05 /* Build configuration list for PBXNativeTarget "iOS_CloudFirestoreUITests" */;
			buildPhases = (
				B8C23461F311596A5C2A8C4F /* [CP] Check Pods Manifest.lock */,
				43C43880214EBB7700504B05 /* Sources */,
				43C43881214EBB7700504B05 /* Frameworks */,
				43C43882214EBB7700504B05 /* Resources */,
			);
			buildRules = (
			);
			dependencies = (
				43C43886214EBB7700504B05 /* PBXTargetDependency */,
			);
			name = iOS_CloudFirestoreUITests;
			productName = testCloudFirestoreUITests;
			productReference = 43C43884214EBB7700504B05 /* iOS_CloudFirestoreUITests.xctest */;
			productType = "com.apple.product-type.bundle.ui-testing";
		};
/* End PBXNativeTarget section */

/* Begin PBXProject section */
		43C4385D214EBB7500504B05 /* Project object */ = {
			isa = PBXProject;
			attributes = {
				LastSwiftUpdateCheck = 0940;
				LastUpgradeCheck = 0940;
				ORGANIZATIONNAME = "Tagliabue, L.";
				TargetAttributes = {
					43C43864214EBB7500504B05 = {
						CreatedOnToolsVersion = 9.4.1;
					};
					43C43878214EBB7700504B05 = {
						CreatedOnToolsVersion = 9.4.1;
						TestTargetID = 43C43864214EBB7500504B05;
					};
					43C43883214EBB7700504B05 = {
						CreatedOnToolsVersion = 9.4.1;
						TestTargetID = 43C43864214EBB7500504B05;
					};
				};
			};
			buildConfigurationList = 43C43860214EBB7500504B05 /* Build configuration list for PBXProject "iOS_CloudFirestore" */;
			compatibilityVersion = "Xcode 9.3";
			developmentRegion = en;
			hasScannedForEncodings = 0;
			knownRegions = (
				en,
				Base,
			);
			mainGroup = 43C4385C214EBB7500504B05;
			productRefGroup = 43C43866214EBB7500504B05 /* Products */;
			projectDirPath = "";
			projectRoot = "";
			targets = (
				43C43864214EBB7500504B05 /* iOS_CloudFirestore */,
				43C43878214EBB7700504B05 /* iOS_CloudFirestoreTests */,
				43C43883214EBB7700504B05 /* iOS_CloudFirestoreUITests */,
			);
		};
/* End PBXProject section */

/* Begin PBXResourcesBuildPhase section */
		43C43863214EBB7500504B05 /* Resources */ = {
			isa = PBXResourcesBuildPhase;
			buildActionMask = 2147483647;
			files = (
				43C43873214EBB7700504B05 /* LaunchScreen.storyboard in Resources */,
				433B5B1D214EE45D001C91A5 /* GoogleService-Info.plist in Resources */,
				43C43870214EBB7700504B05 /* Assets.xcassets in Resources */,
				43C4386E214EBB7500504B05 /* Main.storyboard in Resources */,
			);
			runOnlyForDeploymentPostprocessing = 0;
		};
		43C43877214EBB7700504B05 /* Resources */ = {
			isa = PBXResourcesBuildPhase;
			buildActionMask = 2147483647;
			files = (
			);
			runOnlyForDeploymentPostprocessing = 0;
		};
		43C43882214EBB7700504B05 /* Resources */ = {
			isa = PBXResourcesBuildPhase;
			buildActionMask = 2147483647;
			files = (
			);
			runOnlyForDeploymentPostprocessing = 0;
		};
/* End PBXResourcesBuildPhase section */

/* Begin PBXShellScriptBuildPhase section */
		0A64CE4500F582F59ACA44C3 /* [CP] Check Pods Manifest.lock */ = {
			isa = PBXShellScriptBuildPhase;
			buildActionMask = 2147483647;
			files = (
			);
			inputPaths = (
				"${PODS_PODFILE_DIR_PATH}/Podfile.lock",
				"${PODS_ROOT}/Manifest.lock",
			);
			name = "[CP] Check Pods Manifest.lock";
			outputPaths = (
				"$(DERIVED_FILE_DIR)/Pods-iOS_CloudFirestore-checkManifestLockResult.txt",
			);
			runOnlyForDeploymentPostprocessing = 0;
			shellPath = /bin/sh;
			shellScript = "diff \"${PODS_PODFILE_DIR_PATH}/Podfile.lock\" \"${PODS_ROOT}/Manifest.lock\" > /dev/null\nif [ $? != 0 ] ; then\n    # print error to STDERR\n    echo \"error: The sandbox is not in sync with the Podfile.lock. Run 'pod install' or update your CocoaPods installation.\" >&2\n    exit 1\nfi\n# This output is used by Xcode 'outputs' to avoid re-running this script phase.\necho \"SUCCESS\" > \"${SCRIPT_OUTPUT_FILE_0}\"\n";
			showEnvVarsInLog = 0;
		};
		8DF9AC55423518AF7B3CAFB2 /* [CP] Embed Pods Frameworks */ = {
			isa = PBXShellScriptBuildPhase;
			buildActionMask = 2147483647;
			files = (
			);
			inputPaths = (
				"${SRCROOT}/Pods/Target Support Files/Pods-iOS_CloudFirestore/Pods-iOS_CloudFirestore-frameworks.sh",
				"${BUILT_PRODUCTS_DIR}/BoringSSL/openssl.framework",
				"${BUILT_PRODUCTS_DIR}/GTMSessionFetcher/GTMSessionFetcher.framework",
				"${BUILT_PRODUCTS_DIR}/GoogleUtilities/GoogleUtilities.framework",
				"${BUILT_PRODUCTS_DIR}/Protobuf/Protobuf.framework",
				"${BUILT_PRODUCTS_DIR}/Result/Result.framework",
				"${BUILT_PRODUCTS_DIR}/gRPC/GRPCClient.framework",
				"${BUILT_PRODUCTS_DIR}/gRPC-C++/grpcpp.framework",
				"${BUILT_PRODUCTS_DIR}/gRPC-Core/grpc.framework",
				"${BUILT_PRODUCTS_DIR}/gRPC-ProtoRPC/ProtoRPC.framework",
				"${BUILT_PRODUCTS_DIR}/gRPC-RxLibrary/RxLibrary.framework",
				"${BUILT_PRODUCTS_DIR}/leveldb-library/leveldb.framework",
				"${BUILT_PRODUCTS_DIR}/nanopb/nanopb.framework",
			);
			name = "[CP] Embed Pods Frameworks";
			outputPaths = (
				"${TARGET_BUILD_DIR}/${FRAMEWORKS_FOLDER_PATH}/openssl.framework",
				"${TARGET_BUILD_DIR}/${FRAMEWORKS_FOLDER_PATH}/GTMSessionFetcher.framework",
				"${TARGET_BUILD_DIR}/${FRAMEWORKS_FOLDER_PATH}/GoogleUtilities.framework",
				"${TARGET_BUILD_DIR}/${FRAMEWORKS_FOLDER_PATH}/Protobuf.framework",
				"${TARGET_BUILD_DIR}/${FRAMEWORKS_FOLDER_PATH}/Result.framework",
				"${TARGET_BUILD_DIR}/${FRAMEWORKS_FOLDER_PATH}/GRPCClient.framework",
				"${TARGET_BUILD_DIR}/${FRAMEWORKS_FOLDER_PATH}/grpcpp.framework",
				"${TARGET_BUILD_DIR}/${FRAMEWORKS_FOLDER_PATH}/grpc.framework",
				"${TARGET_BUILD_DIR}/${FRAMEWORKS_FOLDER_PATH}/ProtoRPC.framework",
				"${TARGET_BUILD_DIR}/${FRAMEWORKS_FOLDER_PATH}/RxLibrary.framework",
				"${TARGET_BUILD_DIR}/${FRAMEWORKS_FOLDER_PATH}/leveldb.framework",
				"${TARGET_BUILD_DIR}/${FRAMEWORKS_FOLDER_PATH}/nanopb.framework",
			);
			runOnlyForDeploymentPostprocessing = 0;
			shellPath = /bin/sh;
			shellScript = "\"${SRCROOT}/Pods/Target Support Files/Pods-iOS_CloudFirestore/Pods-iOS_CloudFirestore-frameworks.sh\"\n";
			showEnvVarsInLog = 0;
		};
		B8C23461F311596A5C2A8C4F /* [CP] Check Pods Manifest.lock */ = {
			isa = PBXShellScriptBuildPhase;
			buildActionMask = 2147483647;
			files = (
			);
			inputPaths = (
				"${PODS_PODFILE_DIR_PATH}/Podfile.lock",
				"${PODS_ROOT}/Manifest.lock",
			);
			name = "[CP] Check Pods Manifest.lock";
			outputPaths = (
				"$(DERIVED_FILE_DIR)/Pods-iOS_CloudFirestoreUITests-checkManifestLockResult.txt",
			);
			runOnlyForDeploymentPostprocessing = 0;
			shellPath = /bin/sh;
			shellScript = "diff \"${PODS_PODFILE_DIR_PATH}/Podfile.lock\" \"${PODS_ROOT}/Manifest.lock\" > /dev/null\nif [ $? != 0 ] ; then\n    # print error to STDERR\n    echo \"error: The sandbox is not in sync with the Podfile.lock. Run 'pod install' or update your CocoaPods installation.\" >&2\n    exit 1\nfi\n# This output is used by Xcode 'outputs' to avoid re-running this script phase.\necho \"SUCCESS\" > \"${SCRIPT_OUTPUT_FILE_0}\"\n";
			showEnvVarsInLog = 0;
		};
		BF398CC59E07C802D7B3028F /* [CP] Check Pods Manifest.lock */ = {
			isa = PBXShellScriptBuildPhase;
			buildActionMask = 2147483647;
			files = (
			);
			inputPaths = (
				"${PODS_PODFILE_DIR_PATH}/Podfile.lock",
				"${PODS_ROOT}/Manifest.lock",
			);
			name = "[CP] Check Pods Manifest.lock";
			outputPaths = (
				"$(DERIVED_FILE_DIR)/Pods-iOS_CloudFirestoreTests-checkManifestLockResult.txt",
			);
			runOnlyForDeploymentPostprocessing = 0;
			shellPath = /bin/sh;
			shellScript = "diff \"${PODS_PODFILE_DIR_PATH}/Podfile.lock\" \"${PODS_ROOT}/Manifest.lock\" > /dev/null\nif [ $? != 0 ] ; then\n    # print error to STDERR\n    echo \"error: The sandbox is not in sync with the Podfile.lock. Run 'pod install' or update your CocoaPods installation.\" >&2\n    exit 1\nfi\n# This output is used by Xcode 'outputs' to avoid re-running this script phase.\necho \"SUCCESS\" > \"${SCRIPT_OUTPUT_FILE_0}\"\n";
			showEnvVarsInLog = 0;
		};
/* End PBXShellScriptBuildPhase section */

/* Begin PBXSourcesBuildPhase section */
		43C43861214EBB7500504B05 /* Sources */ = {
			isa = PBXSourcesBuildPhase;
			buildActionMask = 2147483647;
			files = (
				43C4389C214EC70200504B05 /* LoginProtocols.swift in Sources */,
				435ED4702159860900222ABA /* LoginButton.swift in Sources */,
				43C4386B214EBB7500504B05 /* AthenticationViewController.swift in Sources */,
				43C438A8214ED2C700504B05 /* FireBaseAPIManager.swift in Sources */,
				43C438A4214ECB9900504B05 /* User.swift in Sources */,
				43C43869214EBB7500504B05 /* AppDelegate.swift in Sources */,
				43C438A1214EC8F700504B05 /* FirebaseConfig.swift in Sources */,
				433B5B1B214EDC48001C91A5 /* LoginError.swift in Sources */,
				43C4389E214EC71400504B05 /* NewUserProtocols.swift in Sources */,
			);
			runOnlyForDeploymentPostprocessing = 0;
		};
		43C43875214EBB7700504B05 /* Sources */ = {
			isa = PBXSourcesBuildPhase;
			buildActionMask = 2147483647;
			files = (
				43C4387E214EBB7700504B05 /* testCloudFirestoreTests.swift in Sources */,
			);
			runOnlyForDeploymentPostprocessing = 0;
		};
		43C43880214EBB7700504B05 /* Sources */ = {
			isa = PBXSourcesBuildPhase;
			buildActionMask = 2147483647;
			files = (
				43C43889214EBB7700504B05 /* testCloudFirestoreUITests.swift in Sources */,
			);
			runOnlyForDeploymentPostprocessing = 0;
		};
/* End PBXSourcesBuildPhase section */

/* Begin PBXTargetDependency section */
		43C4387B214EBB7700504B05 /* PBXTargetDependency */ = {
			isa = PBXTargetDependency;
			target = 43C43864214EBB7500504B05 /* iOS_CloudFirestore */;
			targetProxy = 43C4387A214EBB7700504B05 /* PBXContainerItemProxy */;
		};
		43C43886214EBB7700504B05 /* PBXTargetDependency */ = {
			isa = PBXTargetDependency;
			target = 43C43864214EBB7500504B05 /* iOS_CloudFirestore */;
			targetProxy = 43C43885214EBB7700504B05 /* PBXContainerItemProxy */;
		};
/* End PBXTargetDependency section */

/* Begin PBXVariantGroup section */
		43C4386C214EBB7500504B05 /* Main.storyboard */ = {
			isa = PBXVariantGroup;
			children = (
				43C4386D214EBB7500504B05 /* Base */,
			);
			name = Main.storyboard;
			sourceTree = "<group>";
		};
		43C43871214EBB7700504B05 /* LaunchScreen.storyboard */ = {
			isa = PBXVariantGroup;
			children = (
				43C43872214EBB7700504B05 /* Base */,
			);
			name = LaunchScreen.storyboard;
			sourceTree = "<group>";
		};
/* End PBXVariantGroup section */

/* Begin XCBuildConfiguration section */
		43C4388B214EBB7700504B05 /* Debug */ = {
			isa = XCBuildConfiguration;
			buildSettings = {
				ALWAYS_SEARCH_USER_PATHS = NO;
				CLANG_ANALYZER_NONNULL = YES;
				CLANG_ANALYZER_NUMBER_OBJECT_CONVERSION = YES_AGGRESSIVE;
				CLANG_CXX_LANGUAGE_STANDARD = "gnu++14";
				CLANG_CXX_LIBRARY = "libc++";
				CLANG_ENABLE_MODULES = YES;
				CLANG_ENABLE_OBJC_ARC = YES;
				CLANG_ENABLE_OBJC_WEAK = YES;
				CLANG_WARN_BLOCK_CAPTURE_AUTORELEASING = YES;
				CLANG_WARN_BOOL_CONVERSION = YES;
				CLANG_WARN_COMMA = YES;
				CLANG_WARN_CONSTANT_CONVERSION = YES;
				CLANG_WARN_DEPRECATED_OBJC_IMPLEMENTATIONS = YES;
				CLANG_WARN_DIRECT_OBJC_ISA_USAGE = YES_ERROR;
				CLANG_WARN_DOCUMENTATION_COMMENTS = YES;
				CLANG_WARN_EMPTY_BODY = YES;
				CLANG_WARN_ENUM_CONVERSION = YES;
				CLANG_WARN_INFINITE_RECURSION = YES;
				CLANG_WARN_INT_CONVERSION = YES;
				CLANG_WARN_NON_LITERAL_NULL_CONVERSION = YES;
				CLANG_WARN_OBJC_IMPLICIT_RETAIN_SELF = YES;
				CLANG_WARN_OBJC_LITERAL_CONVERSION = YES;
				CLANG_WARN_OBJC_ROOT_CLASS = YES_ERROR;
				CLANG_WARN_RANGE_LOOP_ANALYSIS = YES;
				CLANG_WARN_STRICT_PROTOTYPES = YES;
				CLANG_WARN_SUSPICIOUS_MOVE = YES;
				CLANG_WARN_UNGUARDED_AVAILABILITY = YES_AGGRESSIVE;
				CLANG_WARN_UNREACHABLE_CODE = YES;
				CLANG_WARN__DUPLICATE_METHOD_MATCH = YES;
				CODE_SIGN_IDENTITY = "iPhone Developer";
				COPY_PHASE_STRIP = NO;
				DEBUG_INFORMATION_FORMAT = dwarf;
				ENABLE_STRICT_OBJC_MSGSEND = YES;
				ENABLE_TESTABILITY = YES;
				GCC_C_LANGUAGE_STANDARD = gnu11;
				GCC_DYNAMIC_NO_PIC = NO;
				GCC_NO_COMMON_BLOCKS = YES;
				GCC_OPTIMIZATION_LEVEL = 0;
				GCC_PREPROCESSOR_DEFINITIONS = (
					"DEBUG=1",
					"$(inherited)",
				);
				GCC_WARN_64_TO_32_BIT_CONVERSION = YES;
				GCC_WARN_ABOUT_RETURN_TYPE = YES_ERROR;
				GCC_WARN_UNDECLARED_SELECTOR = YES;
				GCC_WARN_UNINITIALIZED_AUTOS = YES_AGGRESSIVE;
				GCC_WARN_UNUSED_FUNCTION = YES;
				GCC_WARN_UNUSED_VARIABLE = YES;
				IPHONEOS_DEPLOYMENT_TARGET = 11.4;
				MTL_ENABLE_DEBUG_INFO = YES;
				ONLY_ACTIVE_ARCH = YES;
				SDKROOT = iphoneos;
				SWIFT_ACTIVE_COMPILATION_CONDITIONS = DEBUG;
				SWIFT_OPTIMIZATION_LEVEL = "-Onone";
			};
			name = Debug;
		};
		43C4388C214EBB7700504B05 /* Release */ = {
			isa = XCBuildConfiguration;
			buildSettings = {
				ALWAYS_SEARCH_USER_PATHS = NO;
				CLANG_ANALYZER_NONNULL = YES;
				CLANG_ANALYZER_NUMBER_OBJECT_CONVERSION = YES_AGGRESSIVE;
				CLANG_CXX_LANGUAGE_STANDARD = "gnu++14";
				CLANG_CXX_LIBRARY = "libc++";
				CLANG_ENABLE_MODULES = YES;
				CLANG_ENABLE_OBJC_ARC = YES;
				CLANG_ENABLE_OBJC_WEAK = YES;
				CLANG_WARN_BLOCK_CAPTURE_AUTORELEASING = YES;
				CLANG_WARN_BOOL_CONVERSION = YES;
				CLANG_WARN_COMMA = YES;
				CLANG_WARN_CONSTANT_CONVERSION = YES;
				CLANG_WARN_DEPRECATED_OBJC_IMPLEMENTATIONS = YES;
				CLANG_WARN_DIRECT_OBJC_ISA_USAGE = YES_ERROR;
				CLANG_WARN_DOCUMENTATION_COMMENTS = YES;
				CLANG_WARN_EMPTY_BODY = YES;
				CLANG_WARN_ENUM_CONVERSION = YES;
				CLANG_WARN_INFINITE_RECURSION = YES;
				CLANG_WARN_INT_CONVERSION = YES;
				CLANG_WARN_NON_LITERAL_NULL_CONVERSION = YES;
				CLANG_WARN_OBJC_IMPLICIT_RETAIN_SELF = YES;
				CLANG_WARN_OBJC_LITERAL_CONVERSION = YES;
				CLANG_WARN_OBJC_ROOT_CLASS = YES_ERROR;
				CLANG_WARN_RANGE_LOOP_ANALYSIS = YES;
				CLANG_WARN_STRICT_PROTOTYPES = YES;
				CLANG_WARN_SUSPICIOUS_MOVE = YES;
				CLANG_WARN_UNGUARDED_AVAILABILITY = YES_AGGRESSIVE;
				CLANG_WARN_UNREACHABLE_CODE = YES;
				CLANG_WARN__DUPLICATE_METHOD_MATCH = YES;
				CODE_SIGN_IDENTITY = "iPhone Developer";
				COPY_PHASE_STRIP = NO;
				DEBUG_INFORMATION_FORMAT = "dwarf-with-dsym";
				ENABLE_NS_ASSERTIONS = NO;
				ENABLE_STRICT_OBJC_MSGSEND = YES;
				GCC_C_LANGUAGE_STANDARD = gnu11;
				GCC_NO_COMMON_BLOCKS = YES;
				GCC_WARN_64_TO_32_BIT_CONVERSION = YES;
				GCC_WARN_ABOUT_RETURN_TYPE = YES_ERROR;
				GCC_WARN_UNDECLARED_SELECTOR = YES;
				GCC_WARN_UNINITIALIZED_AUTOS = YES_AGGRESSIVE;
				GCC_WARN_UNUSED_FUNCTION = YES;
				GCC_WARN_UNUSED_VARIABLE = YES;
				IPHONEOS_DEPLOYMENT_TARGET = 11.4;
				MTL_ENABLE_DEBUG_INFO = NO;
				SDKROOT = iphoneos;
				SWIFT_COMPILATION_MODE = wholemodule;
				SWIFT_OPTIMIZATION_LEVEL = "-O";
				VALIDATE_PRODUCT = YES;
			};
			name = Release;
		};
		43C4388E214EBB7700504B05 /* Debug */ = {
			isa = XCBuildConfiguration;
			baseConfigurationReference = 630036768135770F5C91FB3D /* Pods-iOS_CloudFirestore.debug.xcconfig */;
			buildSettings = {
				ASSETCATALOG_COMPILER_APPICON_NAME = AppIcon;
				CODE_SIGN_STYLE = Automatic;
				DEVELOPMENT_TEAM = 77TZG23LJ2;
				INFOPLIST_FILE = "$(SRCROOT)/iOS_CloudFirestore/Info.plist";
				LD_RUNPATH_SEARCH_PATHS = (
					"$(inherited)",
					"@executable_path/Frameworks",
				);
				PRODUCT_BUNDLE_IDENTIFIER = com.tagliabue.ioscloudfirestore;
				PRODUCT_NAME = "$(TARGET_NAME)";
				SWIFT_VERSION = 4.0;
				TARGETED_DEVICE_FAMILY = "1,2";
			};
			name = Debug;
		};
		43C4388F214EBB7700504B05 /* Release */ = {
			isa = XCBuildConfiguration;
			baseConfigurationReference = B7BDFF2B8DE4DD72765B176D /* Pods-iOS_CloudFirestore.release.xcconfig */;
			buildSettings = {
				ASSETCATALOG_COMPILER_APPICON_NAME = AppIcon;
				CODE_SIGN_STYLE = Automatic;
				DEVELOPMENT_TEAM = 77TZG23LJ2;
				INFOPLIST_FILE = "$(SRCROOT)/iOS_CloudFirestore/Info.plist";
				LD_RUNPATH_SEARCH_PATHS = (
					"$(inherited)",
					"@executable_path/Frameworks",
				);
				PRODUCT_BUNDLE_IDENTIFIER = com.tagliabue.ioscloudfirestore;
				PRODUCT_NAME = "$(TARGET_NAME)";
				SWIFT_VERSION = 4.0;
				TARGETED_DEVICE_FAMILY = "1,2";
			};
			name = Release;
		};
		43C43891214EBB7700504B05 /* Debug */ = {
			isa = XCBuildConfiguration;
			baseConfigurationReference = AD103458384A5618AE91DD33 /* Pods-iOS_CloudFirestoreTests.debug.xcconfig */;
			buildSettings = {
				ALWAYS_EMBED_SWIFT_STANDARD_LIBRARIES = YES;
				BUNDLE_LOADER = "$(TEST_HOST)";
				CODE_SIGN_STYLE = Automatic;
				DEVELOPMENT_TEAM = 77TZG23LJ2;
				INFOPLIST_FILE = testCloudFirestoreTests/Info.plist;
				LD_RUNPATH_SEARCH_PATHS = (
					"$(inherited)",
					"@executable_path/Frameworks",
					"@loader_path/Frameworks",
				);
				PRODUCT_BUNDLE_IDENTIFIER = com.tagliabue.testCloudFirestoreTests;
				PRODUCT_NAME = "$(TARGET_NAME)";
				SWIFT_VERSION = 4.0;
				TARGETED_DEVICE_FAMILY = "1,2";
				TEST_HOST = "$(BUILT_PRODUCTS_DIR)/iOS_CloudFirestore.app/iOS_CloudFirestore";
			};
			name = Debug;
		};
		43C43892214EBB7700504B05 /* Release */ = {
			isa = XCBuildConfiguration;
			baseConfigurationReference = 752C0110877F64A0784DE336 /* Pods-iOS_CloudFirestoreTests.release.xcconfig */;
			buildSettings = {
				ALWAYS_EMBED_SWIFT_STANDARD_LIBRARIES = YES;
				BUNDLE_LOADER = "$(TEST_HOST)";
				CODE_SIGN_STYLE = Automatic;
				DEVELOPMENT_TEAM = 77TZG23LJ2;
				INFOPLIST_FILE = testCloudFirestoreTests/Info.plist;
				LD_RUNPATH_SEARCH_PATHS = (
					"$(inherited)",
					"@executable_path/Frameworks",
					"@loader_path/Frameworks",
				);
				PRODUCT_BUNDLE_IDENTIFIER = com.tagliabue.testCloudFirestoreTests;
				PRODUCT_NAME = "$(TARGET_NAME)";
				SWIFT_VERSION = 4.0;
				TARGETED_DEVICE_FAMILY = "1,2";
				TEST_HOST = "$(BUILT_PRODUCTS_DIR)/iOS_CloudFirestore.app/iOS_CloudFirestore";
			};
			name = Release;
		};
		43C43894214EBB7700504B05 /* Debug */ = {
			isa = XCBuildConfiguration;
			baseConfigurationReference = 1C8E820CD54669C105EB05C6 /* Pods-iOS_CloudFirestoreUITests.debug.xcconfig */;
			buildSettings = {
				ALWAYS_EMBED_SWIFT_STANDARD_LIBRARIES = YES;
				CODE_SIGN_STYLE = Automatic;
				DEVELOPMENT_TEAM = 77TZG23LJ2;
				INFOPLIST_FILE = testCloudFirestoreUITests/Info.plist;
				LD_RUNPATH_SEARCH_PATHS = (
					"$(inherited)",
					"@executable_path/Frameworks",
					"@loader_path/Frameworks",
				);
				PRODUCT_BUNDLE_IDENTIFIER = com.tagliabue.testCloudFirestoreUITests;
				PRODUCT_NAME = "$(TARGET_NAME)";
				SWIFT_VERSION = 4.0;
				TARGETED_DEVICE_FAMILY = "1,2";
				TEST_TARGET_NAME = testCloudFirestore;
			};
			name = Debug;
		};
		43C43895214EBB7700504B05 /* Release */ = {
			isa = XCBuildConfiguration;
			baseConfigurationReference = CA83E9D6AD7CB3D8F4803252 /* Pods-iOS_CloudFirestoreUITests.release.xcconfig */;
			buildSettings = {
				ALWAYS_EMBED_SWIFT_STANDARD_LIBRARIES = YES;
				CODE_SIGN_STYLE = Automatic;
				DEVELOPMENT_TEAM = 77TZG23LJ2;
				INFOPLIST_FILE = testCloudFirestoreUITests/Info.plist;
				LD_RUNPATH_SEARCH_PATHS = (
					"$(inherited)",
					"@executable_path/Frameworks",
					"@loader_path/Frameworks",
				);
				PRODUCT_BUNDLE_IDENTIFIER = com.tagliabue.testCloudFirestoreUITests;
				PRODUCT_NAME = "$(TARGET_NAME)";
				SWIFT_VERSION = 4.0;
				TARGETED_DEVICE_FAMILY = "1,2";
				TEST_TARGET_NAME = testCloudFirestore;
			};
			name = Release;
		};
/* End XCBuildConfiguration section */

/* Begin XCConfigurationList section */
		43C43860214EBB7500504B05 /* Build configuration list for PBXProject "iOS_CloudFirestore" */ = {
			isa = XCConfigurationList;
			buildConfigurations = (
				43C4388B214EBB7700504B05 /* Debug */,
				43C4388C214EBB7700504B05 /* Release */,
			);
			defaultConfigurationIsVisible = 0;
			defaultConfigurationName = Release;
		};
		43C4388D214EBB7700504B05 /* Build configuration list for PBXNativeTarget "iOS_CloudFirestore" */ = {
			isa = XCConfigurationList;
			buildConfigurations = (
				43C4388E214EBB7700504B05 /* Debug */,
				43C4388F214EBB7700504B05 /* Release */,
			);
			defaultConfigurationIsVisible = 0;
			defaultConfigurationName = Release;
		};
		43C43890214EBB7700504B05 /* Build configuration list for PBXNativeTarget "iOS_CloudFirestoreTests" */ = {
			isa = XCConfigurationList;
			buildConfigurations = (
				43C43891214EBB7700504B05 /* Debug */,
				43C43892214EBB7700504B05 /* Release */,
			);
			defaultConfigurationIsVisible = 0;
			defaultConfigurationName = Release;
		};
		43C43893214EBB7700504B05 /* Build configuration list for PBXNativeTarget "iOS_CloudFirestoreUITests" */ = {
			isa = XCConfigurationList;
			buildConfigurations = (
				43C43894214EBB7700504B05 /* Debug */,
				43C43895214EBB7700504B05 /* Release */,
			);
			defaultConfigurationIsVisible = 0;
			defaultConfigurationName = Release;
		};
/* End XCConfigurationList section */
	};
	rootObject = 43C4385D214EBB7500504B05 /* Project object */;
}
